
Microsoft Visual Studio Solution File, Format Version 12.00
# Visual Studio Version 16
VisualStudioVersion = 16.0.30804.86
MinimumVisualStudioVersion = 10.0.40219.1
Project("{FAE04EC0-301F-11D3-BF4B-00C04F79EFBC}") = "WindowsFormsApp1", "WindowsFormsApp1\WindowsFormsApp1.csproj", "{0FDD4C47-141F-4A24-BA66-9078E64570C2}"
EndProject
Global
	GlobalSection(SolutionConfigurationPlatforms) = preSolution
		Debug|Any CPU = Debug|Any CPU
		Release|Any CPU = Release|Any CPU
	EndGlobalSection
	GlobalSection(ProjectConfigurationPlatforms) = postSolution
		{0FDD4C47-141F-4A24-BA66-9078E64570C2}.Debug|Any CPU.ActiveCfg = Debug|Any CPU
		{0FDD4C47-141F-4A24-BA66-9078E64570C2}.Debug|Any CPU.Build.0 = Debug|Any CPU
		{0FDD4C47-141F-4A24-BA66-9078E64570C2}.Release|Any CPU.ActiveCfg = Release|Any CPU
		{0FDD4C47-141F-4A24-BA66-9078E64570C2}.Release|Any CPU.Build.0 = Release|Any CPU
	EndGlobalSection
	GlobalSection(SolutionProperties) = preSolution
		HideSolutionNode = FALSE
	EndGlobalSection
	GlobalSection(ExtensibilityGlobals) = postSolution
		SolutionGuid = {B6598CB9-A113-496F-9E35-E3DCFD985563}
	EndGlobalSection
EndGlobal
